
Microsoft Visual Studio Solution File, Format Version 12.00
# Visual Studio 14
VisualStudioVersion = 14.0.25420.1
MinimumVisualStudioVersion = 10.0.40219.1
Project("{FAE04EC0-301F-11D3-BF4B-00C04F79EFBC}") = "mvc", "mvc\mvc.csproj", "{3204C581-30CB-4663-8F4D-EA6A4625874C}"
EndProject
Project("{FAE04EC0-301F-11D3-BF4B-00C04F79EFBC}") = "Soccer", "Soccer\Soccer.csproj", "{1F8C458A-08B5-4405-8C08-48EDA91A1846}"
EndProject
Project("{FAE04EC0-301F-11D3-BF4B-00C04F79EFBC}") = "Students", "Students\Students.csproj", "{6B8DC667-A4A7-4196-A850-39E05EFA9088}"
EndProject
Global
	GlobalSection(SolutionConfigurationPlatforms) = preSolution
		Debug|Any CPU = Debug|Any CPU
		Release|Any CPU = Release|Any CPU
	EndGlobalSection
	GlobalSection(ProjectConfigurationPlatforms) = postSolution
		{3204C581-30CB-4663-8F4D-EA6A4625874C}.Debug|Any CPU.ActiveCfg = Debug|Any CPU
		{3204C581-30CB-4663-8F4D-EA6A4625874C}.Debug|Any CPU.Build.0 = Debug|Any CPU
		{3204C581-30CB-4663-8F4D-EA6A4625874C}.Release|Any CPU.ActiveCfg = Release|Any CPU
		{3204C581-30CB-4663-8F4D-EA6A4625874C}.Release|Any CPU.Build.0 = Release|Any CPU
		{1F8C458A-08B5-4405-8C08-48EDA91A1846}.Debug|Any CPU.ActiveCfg = Debug|Any CPU
		{1F8C458A-08B5-4405-8C08-48EDA91A1846}.Debug|Any CPU.Build.0 = Debug|Any CPU
		{1F8C458A-08B5-4405-8C08-48EDA91A1846}.Release|Any CPU.ActiveCfg = Release|Any CPU
		{1F8C458A-08B5-4405-8C08-48EDA91A1846}.Release|Any CPU.Build.0 = Release|Any CPU
		{6B8DC667-A4A7-4196-A850-39E05EFA9088}.Debug|Any CPU.ActiveCfg = Debug|Any CPU
		{6B8DC667-A4A7-4196-A850-39E05EFA9088}.Debug|Any CPU.Build.0 = Debug|Any CPU
		{6B8DC667-A4A7-4196-A850-39E05EFA9088}.Release|Any CPU.ActiveCfg = Release|Any CPU
		{6B8DC667-A4A7-4196-A850-39E05EFA9088}.Release|Any CPU.Build.0 = Release|Any CPU
	EndGlobalSection
	GlobalSection(SolutionProperties) = preSolution
		HideSolutionNode = FALSE
	EndGlobalSection
EndGlobal
